
Microsoft Visual Studio Solution File, Format Version 12.00
# Visual Studio 14
VisualStudioVersion = 14.0.25123.0
MinimumVisualStudioVersion = 10.0.40219.1
Project("{FAE04EC0-301F-11D3-BF4B-00C04F79EFBC}") = "ConsoleApplication4", "ConsoleApplication4\ConsoleApplication4.csproj", "{56F1B17B-C69E-4928-9EC9-C7F1491C4972}"
EndProject
Project("{FAE04EC0-301F-11D3-BF4B-00C04F79EFBC}") = "WindowsFormsApplication1", "WindowsFormsApplication1\WindowsFormsApplication1.csproj", "{296946B7-0FF2-4409-B1D4-2D6A90860F09}"
EndProject
Global
	GlobalSection(SolutionConfigurationPlatforms) = preSolution
		Debug|Any CPU = Debug|Any CPU
		Release|Any CPU = Release|Any CPU
	EndGlobalSection
	GlobalSection(ProjectConfigurationPlatforms) = postSolution
		{56F1B17B-C69E-4928-9EC9-C7F1491C4972}.Debug|Any CPU.ActiveCfg = Debug|Any CPU
		{56F1B17B-C69E-4928-9EC9-C7F1491C4972}.Debug|Any CPU.Build.0 = Debug|Any CPU
		{56F1B17B-C69E-4928-9EC9-C7F1491C4972}.Release|Any CPU.ActiveCfg = Release|Any CPU
		{56F1B17B-C69E-4928-9EC9-C7F1491C4972}.Release|Any CPU.Build.0 = Release|Any CPU
		{296946B7-0FF2-4409-B1D4-2D6A90860F09}.Debug|Any CPU.ActiveCfg = Debug|Any CPU
		{296946B7-0FF2-4409-B1D4-2D6A90860F09}.Debug|Any CPU.Build.0 = Debug|Any CPU
		{296946B7-0FF2-4409-B1D4-2D6A90860F09}.Release|Any CPU.ActiveCfg = Release|Any CPU
		{296946B7-0FF2-4409-B1D4-2D6A90860F09}.Release|Any CPU.Build.0 = Release|Any CPU
	EndGlobalSection
	GlobalSection(SolutionProperties) = preSolution
		HideSolutionNode = FALSE
	EndGlobalSection
EndGlobal
